uuid: cb85a8b6-561c-4bbb-b1ef-ddb8fb69d6ef
langcode: en
status: true
dependencies:
  module:
    - intercept_room_reservation
    - system
  theme:
    - richland
id: interceptjsonapiviewsexposedfilterblock
theme: richland
region: content
weight: -32
provider: null
plugin: intercept_room_reservation_jsonapi_views_filter_block
settings:
  id: intercept_room_reservation_jsonapi_views_filter_block
  label: 'Room Reservation Schedule Filters'
  label_display: '0'
  provider: intercept_room_reservation
  view_display: 'intercept_rooms:default'
visibility:
  request_path:
    id: request_path
    negate: false
    context_mapping: {  }
    pages: /manage/room-reservations/calendar
